<?xml version="1.0" encoding="utf-8"?>
<Project ToolsVersion="4.0" xmlns="http://schemas.microsoft.com/developer/msbuild/2003">
  <ItemGroup>
    <Filter Include="Source Files">
      <UniqueIdentifier>{7c6065af-bceb-45a3-b79a-d5f3665d3e5f}</UniqueIdentifier>
      <Extensions>cpp;c;cxx;rc;def;r;odl;idl;hpj;bat</Extensions>
    </Filter>
    <Filter Include="Header Files">
      <UniqueIdentifier>{2c4284e9-40b7-47f5-83db-ca1db7a84d72}</UniqueIdentifier>
      <Extensions>h;hpp;hxx;hm;inl</Extensions>
    </Filter>
  </ItemGroup>
  <ItemGroup>
    <ClCompile Include="..\module\stdClib\src\assert.c">
      <Filter>Source Files</Filter>
    </ClCompile>
    <ClCompile Include="..\src\callback.c">
      <Filter>Source Files</Filter>
    </ClCompile>
    <ClCompile Include="..\src\cdecl.c">
      <Filter>Source Files</Filter>
    </ClCompile>
    <ClCompile Include="..\module\stdClib\src\ctype.c">
      <Filter>Source Files</Filter>
    </ClCompile>
    <ClCompile Include="..\module\stdClib\src\dirent.c">
      <Filter>Source Files</Filter>
    </ClCompile>
    <ClCompile Include="..\module\stdClib\src\eicfftoa.c">
      <Filter>Source Files</Filter>
    </ClCompile>
    <ClCompile Include="..\src\eicmod.c">
      <Filter>Source Files</Filter>
    </ClCompile>
    <ClCompile Include="..\src\emitter.c">
      <Filter>Source Files</Filter>
    </ClCompile>
    <ClCompile Include="..\module\stdClib\src\errno.c">
      <Filter>Source Files</Filter>
    </ClCompile>
    <ClCompile Include="..\src\error.c">
      <Filter>Source Files</Filter>
    </ClCompile>
    <ClCompile Include="..\module\stdClib\src\fcntl.c">
      <Filter>Source Files</Filter>
    </ClCompile>
    <ClCompile Include="..\src\func.c">
      <Filter>Source Files</Filter>
    </ClCompile>
    <ClCompile Include="..\src\interpre.c">
      <Filter>Source Files</Filter>
    </ClCompile>
    <ClCompile Include="..\module\stdClib\src\itoa.c">
      <Filter>Source Files</Filter>
    </ClCompile>
    <ClCompile Include="..\src\lexer.c">
      <Filter>Source Files</Filter>
    </ClCompile>
    <ClCompile Include="..\module\stdClib\src\math.c">
      <Filter>Source Files</Filter>
    </ClCompile>
    <ClCompile Include="..\src\optomizer.c">
      <Filter>Source Files</Filter>
    </ClCompile>
    <ClCompile Include="..\src\parser.c">
      <Filter>Source Files</Filter>
    </ClCompile>
    <ClCompile Include="..\src\preexpr.c">
      <Filter>Source Files</Filter>
    </ClCompile>
    <ClCompile Include="..\src\preproc.c">
      <Filter>Source Files</Filter>
    </ClCompile>
    <ClCompile Include="..\src\readline.c">
      <Filter>Source Files</Filter>
    </ClCompile>
    <ClCompile Include="..\src\reset.c">
      <Filter>Source Files</Filter>
    </ClCompile>
    <ClCompile Include="..\module\stdClib\src\signal.c">
      <Filter>Source Files</Filter>
    </ClCompile>
    <ClCompile Include="..\src\stab.c">
      <Filter>Source Files</Filter>
    </ClCompile>
    <ClCompile Include="..\src\starteic.c">
      <Filter>Source Files</Filter>
    </ClCompile>
    <ClCompile Include="..\module\stdClib\src\stat.c">
      <Filter>Source Files</Filter>
    </ClCompile>
    <ClCompile Include="..\module\stdClib\src\stdarg.c">
      <Filter>Source Files</Filter>
    </ClCompile>
    <ClCompile Include="..\module\stdClib\src\stdClib.c">
      <Filter>Source Files</Filter>
    </ClCompile>
    <ClCompile Include="..\module\stdClib\src\stdio.c">
      <Filter>Source Files</Filter>
    </ClCompile>
    <ClCompile Include="..\module\stdClib\src\stdlib.c">
      <Filter>Source Files</Filter>
    </ClCompile>
    <ClCompile Include="..\module\stdClib\src\string.c">
      <Filter>Source Files</Filter>
    </ClCompile>
    <ClCompile Include="..\module\stdClib\src\strrev.c">
      <Filter>Source Files</Filter>
    </ClCompile>
    <ClCompile Include="..\module\stdClib\src\strround.c">
      <Filter>Source Files</Filter>
    </ClCompile>
    <ClCompile Include="..\src\symbol.c">
      <Filter>Source Files</Filter>
    </ClCompile>
    <ClCompile Include="..\module\stdClib\src\time.c">
      <Filter>Source Files</Filter>
    </ClCompile>
    <ClCompile Include="..\src\typemod.c">
      <Filter>Source Files</Filter>
    </ClCompile>
    <ClCompile Include="..\src\typesets.c">
      <Filter>Source Files</Filter>
    </ClCompile>
    <ClCompile Include="..\module\stdClib\src\unistd.c">
      <Filter>Source Files</Filter>
    </ClCompile>
    <ClCompile Include="..\src\ymem.c">
      <Filter>Source Files</Filter>
    </ClCompile>
  </ItemGroup>
  <ItemGroup>
    <ClInclude Include="..\module\stdClib\src\assert.h">
      <Filter>Header Files</Filter>
    </ClInclude>
    <ClInclude Include="..\src\assertp.h">
      <Filter>Header Files</Filter>
    </ClInclude>
    <ClInclude Include="..\src\cdecl.h">
      <Filter>Header Files</Filter>
    </ClInclude>
    <ClInclude Include="..\module\stdClib\src\ctype.h">
      <Filter>Header Files</Filter>
    </ClInclude>
    <ClInclude Include="..\src\datastruct.h">
      <Filter>Header Files</Filter>
    </ClInclude>
    <ClInclude Include="..\module\stdClib\src\dirent.h">
      <Filter>Header Files</Filter>
    </ClInclude>
    <ClInclude Include="..\src\eic.h">
      <Filter>Header Files</Filter>
    </ClInclude>
    <ClInclude Include="..\src\eicval.h">
      <Filter>Header Files</Filter>
    </ClInclude>
    <ClInclude Include="..\src\emitter.h">
      <Filter>Header Files</Filter>
    </ClInclude>
    <ClInclude Include="..\module\stdClib\src\errno.h">
      <Filter>Header Files</Filter>
    </ClInclude>
    <ClInclude Include="..\src\error.h">
      <Filter>Header Files</Filter>
    </ClInclude>
    <ClInclude Include="..\module\stdClib\src\fcntl.h">
      <Filter>Header Files</Filter>
    </ClInclude>
    <ClInclude Include="..\module\stdClib\src\float.h">
      <Filter>Header Files</Filter>
    </ClInclude>
    <ClInclude Include="..\src\func.h">
      <Filter>Header Files</Filter>
    </ClInclude>
    <ClInclude Include="..\src\global.h">
      <Filter>Header Files</Filter>
    </ClInclude>
    <ClInclude Include="..\module\stdClib\src\iso646.h">
      <Filter>Header Files</Filter>
    </ClInclude>
    <ClInclude Include="..\src\lexer.h">
      <Filter>Header Files</Filter>
    </ClInclude>
    <ClInclude Include="..\module\stdClib\src\limits.h">
      <Filter>Header Files</Filter>
    </ClInclude>
    <ClInclude Include="..\src\MachSet.h">
      <Filter>Header Files</Filter>
    </ClInclude>
    <ClInclude Include="..\module\stdClib\src\math.h">
      <Filter>Header Files</Filter>
    </ClInclude>
    <ClInclude Include="..\src\metric.h">
      <Filter>Header Files</Filter>
    </ClInclude>
    <ClInclude Include="..\src\modules.h">
      <Filter>Header Files</Filter>
    </ClInclude>
    <ClInclude Include="..\src\parser.h">
      <Filter>Header Files</Filter>
    </ClInclude>
    <ClInclude Include="..\src\preproc.h">
      <Filter>Header Files</Filter>
    </ClInclude>
    <ClInclude Include="..\src\reset.h">
      <Filter>Header Files</Filter>
    </ClInclude>
    <ClInclude Include="..\module\stdClib\src\setjmp.h">
      <Filter>Header Files</Filter>
    </ClInclude>
    <ClInclude Include="..\module\stdClib\src\signal.h">
      <Filter>Header Files</Filter>
    </ClInclude>
    <ClInclude Include="..\src\stab.h">
      <Filter>Header Files</Filter>
    </ClInclude>
    <ClInclude Include="..\module\stdClib\src\stdarg.h">
      <Filter>Header Files</Filter>
    </ClInclude>
    <ClInclude Include="..\module\stdClib\src\stdClib2eic.h">
      <Filter>Header Files</Filter>
    </ClInclude>
    <ClInclude Include="..\module\stdClib\src\stddef.h">
      <Filter>Header Files</Filter>
    </ClInclude>
    <ClInclude Include="..\module\stdClib\src\stdio.h">
      <Filter>Header Files</Filter>
    </ClInclude>
    <ClInclude Include="..\module\stdClib\src\stdlib.h">
      <Filter>Header Files</Filter>
    </ClInclude>
    <ClInclude Include="..\module\stdClib\src\stdliblocal.h">
      <Filter>Header Files</Filter>
    </ClInclude>
    <ClInclude Include="..\module\stdClib\src\string.h">
      <Filter>Header Files</Filter>
    </ClInclude>
    <ClInclude Include="..\src\symbol.h">
      <Filter>Header Files</Filter>
    </ClInclude>
    <ClInclude Include="..\src\symentry.h">
      <Filter>Header Files</Filter>
    </ClInclude>
    <ClInclude Include="..\module\stdClib\src\termio.h">
      <Filter>Header Files</Filter>
    </ClInclude>
    <ClInclude Include="..\module\stdClib\src\termios.h">
      <Filter>Header Files</Filter>
    </ClInclude>
    <ClInclude Include="..\module\stdClib\src\time.h">
      <Filter>Header Files</Filter>
    </ClInclude>
    <ClInclude Include="..\src\typemod.h">
      <Filter>Header Files</Filter>
    </ClInclude>
    <ClInclude Include="..\src\typesets.h">
      <Filter>Header Files</Filter>
    </ClInclude>
    <ClInclude Include="..\module\stdClib\src\unistd.h">
      <Filter>Header Files</Filter>
    </ClInclude>
    <ClInclude Include="..\src\xalloc.h">
      <Filter>Header Files</Filter>
    </ClInclude>
  </ItemGroup>
  <ItemGroup>
    <arm_linux_ar Include="..\..\..\arm-linux.ar" />
  </ItemGroup>
</Project>