<?xml version="1.0" encoding="utf-8"?>
<Project ToolsVersion="4.0" xmlns="http://schemas.microsoft.com/developer/msbuild/2003">
  <ItemGroup>
    <Filter Include="Source Files">
      <UniqueIdentifier>{b6345474-1ba3-4b0c-b995-7716286349d3}</UniqueIdentifier>
      <Extensions>cpp;c;cxx;rc;def;r;odl;idl;hpj;bat</Extensions>
    </Filter>
    <Filter Include="Header Files">
      <UniqueIdentifier>{014793a7-54ca-4d9d-9d02-7d6a8abe33c9}</UniqueIdentifier>
      <Extensions>.h</Extensions>
    </Filter>
    <Filter Include="docs">
      <UniqueIdentifier>{871545a2-79df-499b-badc-4373ea69b7ec}</UniqueIdentifier>
      <Extensions>.dox</Extensions>
    </Filter>
  </ItemGroup>
  <ItemGroup>
    <ClCompile Include="src\ifm\definterface.cpp">
      <Filter>Source Files</Filter>
    </ClCompile>
    <ClCompile Include="src\ifm\defplugin.cpp">
      <Filter>Source Files</Filter>
    </ClCompile>
    <ClCompile Include="src\ifm\dragndrop.cpp">
      <Filter>Source Files</Filter>
    </ClCompile>
    <ClCompile Include="src\ifm\events.cpp">
      <Filter>Source Files</Filter>
    </ClCompile>
    <ClCompile Include="src\ifm\manager.cpp">
      <Filter>Source Files</Filter>
    </ClCompile>
    <ClCompile Include="src\ifm\plugin.cpp">
      <Filter>Source Files</Filter>
    </ClCompile>
    <ClCompile Include="src\ifm\resize.cpp">
      <Filter>Source Files</Filter>
    </ClCompile>
  </ItemGroup>
  <ItemGroup>
    <ClInclude Include="..\include\wx\ifm\definterface.h">
      <Filter>Header Files</Filter>
    </ClInclude>
    <ClInclude Include="..\include\wx\ifm\defplugin.h">
      <Filter>Header Files</Filter>
    </ClInclude>
    <ClInclude Include="..\include\wx\ifm\dragndrop.h">
      <Filter>Header Files</Filter>
    </ClInclude>
    <ClInclude Include="..\include\wx\ifm\events.h">
      <Filter>Header Files</Filter>
    </ClInclude>
    <ClInclude Include="..\include\wx\ifm\ifm.h">
      <Filter>Header Files</Filter>
    </ClInclude>
    <ClInclude Include="..\include\wx\ifm\ifmdefs.h">
      <Filter>Header Files</Filter>
    </ClInclude>
    <ClInclude Include="..\include\wx\ifm\manager.h">
      <Filter>Header Files</Filter>
    </ClInclude>
    <ClInclude Include="..\include\wx\ifm\plugin.h">
      <Filter>Header Files</Filter>
    </ClInclude>
    <ClInclude Include="..\include\wx\ifm\resize.h">
      <Filter>Header Files</Filter>
    </ClInclude>
  </ItemGroup>
  <ItemGroup>
    <None Include="docs\coordsystems.dox">
      <Filter>docs</Filter>
    </None>
    <None Include="docs\internals.dox">
      <Filter>docs</Filter>
    </None>
    <None Include="docs\main.dox">
      <Filter>docs</Filter>
    </None>
    <None Include="docs\overview.dox">
      <Filter>docs</Filter>
    </None>
  </ItemGroup>
  <ItemGroup>
    <Text Include="changelog.txt" />
    <Text Include="todo.txt" />
  </ItemGroup>
</Project>